
Microsoft Visual Studio Solution File, Format Version 12.00
# Visual Studio Version 17
VisualStudioVersion = 17.5.33530.505
MinimumVisualStudioVersion = 10.0.40219.1
Project("{8BC9CEB8-8B4A-11D0-8D11-00A0C91BC942}") = "SFML2", "SFML2.vcxproj", "{5BD887FA-5807-4F87-A937-05F9B1229865}"
EndProject
Global
	GlobalSection(SolutionConfigurationPlatforms) = preSolution
		Debug|x64 = Debug|x64
		Debug|x86 = Debug|x86
		Release|x64 = Release|x64
		Release|x86 = Release|x86
	EndGlobalSection
	GlobalSection(ProjectConfigurationPlatforms) = postSolution
		{5BD887FA-5807-4F87-A937-05F9B1229865}.Debug|x64.ActiveCfg = Debug|x64
		{5BD887FA-5807-4F87-A937-05F9B1229865}.Debug|x64.Build.0 = Debug|x64
		{5BD887FA-5807-4F87-A937-05F9B1229865}.Debug|x86.ActiveCfg = Debug|Win32
		{5BD887FA-5807-4F87-A937-05F9B1229865}.Debug|x86.Build.0 = Debug|Win32
		{5BD887FA-5807-4F87-A937-05F9B1229865}.Release|x64.ActiveCfg = Release|x64
		{5BD887FA-5807-4F87-A937-05F9B1229865}.Release|x64.Build.0 = Release|x64
		{5BD887FA-5807-4F87-A937-05F9B1229865}.Release|x86.ActiveCfg = Release|Win32
		{5BD887FA-5807-4F87-A937-05F9B1229865}.Release|x86.Build.0 = Release|Win32
	EndGlobalSection
	GlobalSection(SolutionProperties) = preSolution
		HideSolutionNode = FALSE
	EndGlobalSection
	GlobalSection(ExtensibilityGlobals) = postSolution
		SolutionGuid = {E51A3591-6EEC-4DA7-A503-FEC69E3D81FC}
	EndGlobalSection
EndGlobal
